
Microsoft Visual Studio Solution File, Format Version 12.00
# Visual Studio Version 17
VisualStudioVersion = 17.0.31903.59
MinimumVisualStudioVersion = 10.0.40219.1
Project("{2150E333-8FDC-42A3-9474-1A3956D46DE8}") = "src", "src", "{827E0CD3-B72D-47B6-A68D-7590B98EB39B}"
EndProject
Project("{2150E333-8FDC-42A3-9474-1A3956D46DE8}") = "tools", "tools", "{DCB6FCB8-FF92-AC57-0842-1F72A354D6B1}"
EndProject
Project("{FAE04EC0-301F-11D3-BF4B-00C04F79EFBC}") = "DevCli", "src\tools\DevCli\DevCli.csproj", "{33833057-B0CB-4E3C-A9F5-57F6D0E9BFBA}"
EndProject
Project("{2150E333-8FDC-42A3-9474-1A3956D46DE8}") = "building-blocks", "building-blocks", "{C13E73B6-616D-3195-CD22-1E55A7D1F969}"
EndProject
Project("{FAE04EC0-301F-11D3-BF4B-00C04F79EFBC}") = "BuildingBlocks.Auth", "src\building-blocks\BuildingBlocks.Auth\BuildingBlocks.Auth.csproj", "{2DA09CEA-9D25-46A2-81AD-3F2D67376354}"
EndProject
Project("{FAE04EC0-301F-11D3-BF4B-00C04F79EFBC}") = "BuildingBlocks.Observability", "src\building-blocks\BuildingBlocks.Observability\BuildingBlocks.Observability.csproj", "{333D71D8-E853-4435-A8C8-8009B5D7739A}"
EndProject
Project("{FAE04EC0-301F-11D3-BF4B-00C04F79EFBC}") = "BuildingBlocks.Authorization", "src\building-blocks\BuildingBlocks.Authorization\BuildingBlocks.Authorization.csproj", "{BCDF2E70-60CF-4BDA-9482-A068A4F21803}"
EndProject
Project("{FAE04EC0-301F-11D3-BF4B-00C04F79EFBC}") = "BuildingBlocks.Contracts", "src\building-blocks\BuildingBlocks.Contracts\BuildingBlocks.Contracts.csproj", "{2C3F2779-66C1-4EE3-9B26-8123C4DA3AB4}"
EndProject
Project("{FAE04EC0-301F-11D3-BF4B-00C04F79EFBC}") = "BuildingBlocks.Encryption", "src\building-blocks\BuildingBlocks.Encryption\BuildingBlocks.Encryption.csproj", "{621CDE6B-C0B1-4848-8340-B41C0419F067}"
EndProject
Project("{FAE04EC0-301F-11D3-BF4B-00C04F79EFBC}") = "BuildingBlocks.Communication", "src\building-blocks\BuildingBlocks.Communication\BuildingBlocks.Communication.csproj", "{9BA37044-10F9-40F3-B5C1-A602B286F914}"
EndProject
Project("{2150E333-8FDC-42A3-9474-1A3956D46DE8}") = "services", "services", "{984BB9B3-3FA3-BE33-9484-CAC21695A33C}"
EndProject
Project("{2150E333-8FDC-42A3-9474-1A3956D46DE8}") = "Catalog", "Catalog", "{C91C1CF1-1625-0789-F869-53D87D6277BA}"
EndProject
Project("{FAE04EC0-301F-11D3-BF4B-00C04F79EFBC}") = "Catalog.Tests", "src\services\Catalog\Catalog.Tests\Catalog.Tests.csproj", "{8578093B-DE42-4AF8-8A5F-1F226EEAAD3E}"
EndProject
Project("{FAE04EC0-301F-11D3-BF4B-00C04F79EFBC}") = "Catalog.Api", "src\services\Catalog\Catalog.Api\Catalog.Api.csproj", "{C36D2FF8-FD52-4ECD-9F36-7B308F15D8FD}"
EndProject
Project("{2150E333-8FDC-42A3-9474-1A3956D46DE8}") = "Identity", "Identity", "{1BFC9479-12BF-35C3-06B8-42D89D95092B}"
EndProject
Project("{FAE04EC0-301F-11D3-BF4B-00C04F79EFBC}") = "Identity.Api", "src\services\Identity\Identity.Api\Identity.Api.csproj", "{9A03ABB5-4A2A-4A1B-8F29-9DA1941F0375}"
EndProject
Project("{FAE04EC0-301F-11D3-BF4B-00C04F79EFBC}") = "Identity.Tests", "src\services\Identity\Identity.Tests\Identity.Tests.csproj", "{099C040D-09BC-43F9-B3C1-36D1CE82AF7F}"
EndProject
Project("{2150E333-8FDC-42A3-9474-1A3956D46DE8}") = "Gateway", "Gateway", "{40D82F4B-B633-3F95-724A-860306E6F4AA}"
EndProject
Project("{FAE04EC0-301F-11D3-BF4B-00C04F79EFBC}") = "Gateway.Api", "src\services\Gateway\Gateway.Api\Gateway.Api.csproj", "{BC4C8BBF-4DC7-49D7-B1BF-36DB4DD0F47B}"
EndProject
Project("{FAE04EC0-301F-11D3-BF4B-00C04F79EFBC}") = "Gateway.Tests", "src\services\Gateway\Gateway.Tests\Gateway.Tests.csproj", "{5CD540A1-C4A3-4CFF-8326-EFC5CA1DF7F3}"
EndProject
Project("{2150E333-8FDC-42A3-9474-1A3956D46DE8}") = "tests", "tests", "{0AB3BF05-4346-4AA6-1389-037BE0695223}"
EndProject
Project("{2150E333-8FDC-42A3-9474-1A3956D46DE8}") = "integration", "integration", "{28A6993C-471E-82FE-7D9E-AD3B1EC22BD9}"
EndProject
Project("{FAE04EC0-301F-11D3-BF4B-00C04F79EFBC}") = "Platform.IntegrationTests", "tests\integration\Platform.IntegrationTests\Platform.IntegrationTests.csproj", "{7DD0B90B-E0B7-40B9-A882-10F0928C2031}"
EndProject
Project("{2150E333-8FDC-42A3-9474-1A3956D46DE8}") = "contract", "contract", "{53506FF3-1087-91DB-5731-19A6F3C92276}"
EndProject
Project("{FAE04EC0-301F-11D3-BF4B-00C04F79EFBC}") = "Platform.ContractTests", "tests\contract\Platform.ContractTests\Platform.ContractTests.csproj", "{6CDAE751-3C6A-41E5-A1C4-CADD9327ACF1}"
EndProject
Project("{FAE04EC0-301F-11D3-BF4B-00C04F79EFBC}") = "BuildingBlocks.Persistence", "src\building-blocks\BuildingBlocks.Persistence\BuildingBlocks.Persistence.csproj", "{12073BCC-2716-40BD-A7E6-D8F9A8878B58}"
EndProject
Project("{FAE04EC0-301F-11D3-BF4B-00C04F79EFBC}") = "BuildingBlocks.Messaging", "src\building-blocks\BuildingBlocks.Messaging\BuildingBlocks.Messaging.csproj", "{C54960F3-FDE0-43B9-AFF5-A2B8F691A81F}"
EndProject
Global
	GlobalSection(SolutionConfigurationPlatforms) = preSolution
		Debug|Any CPU = Debug|Any CPU
		Debug|x64 = Debug|x64
		Debug|x86 = Debug|x86
		Release|Any CPU = Release|Any CPU
		Release|x64 = Release|x64
		Release|x86 = Release|x86
	EndGlobalSection
	GlobalSection(ProjectConfigurationPlatforms) = postSolution
		{33833057-B0CB-4E3C-A9F5-57F6D0E9BFBA}.Debug|Any CPU.ActiveCfg = Debug|Any CPU
		{33833057-B0CB-4E3C-A9F5-57F6D0E9BFBA}.Debug|Any CPU.Build.0 = Debug|Any CPU
		{33833057-B0CB-4E3C-A9F5-57F6D0E9BFBA}.Debug|x64.ActiveCfg = Debug|Any CPU
		{33833057-B0CB-4E3C-A9F5-57F6D0E9BFBA}.Debug|x64.Build.0 = Debug|Any CPU
		{33833057-B0CB-4E3C-A9F5-57F6D0E9BFBA}.Debug|x86.ActiveCfg = Debug|Any CPU
		{33833057-B0CB-4E3C-A9F5-57F6D0E9BFBA}.Debug|x86.Build.0 = Debug|Any CPU
		{33833057-B0CB-4E3C-A9F5-57F6D0E9BFBA}.Release|Any CPU.ActiveCfg = Release|Any CPU
		{33833057-B0CB-4E3C-A9F5-57F6D0E9BFBA}.Release|Any CPU.Build.0 = Release|Any CPU
		{33833057-B0CB-4E3C-A9F5-57F6D0E9BFBA}.Release|x64.ActiveCfg = Release|Any CPU
		{33833057-B0CB-4E3C-A9F5-57F6D0E9BFBA}.Release|x64.Build.0 = Release|Any CPU
		{33833057-B0CB-4E3C-A9F5-57F6D0E9BFBA}.Release|x86.ActiveCfg = Release|Any CPU
		{33833057-B0CB-4E3C-A9F5-57F6D0E9BFBA}.Release|x86.Build.0 = Release|Any CPU
		{2DA09CEA-9D25-46A2-81AD-3F2D67376354}.Debug|Any CPU.ActiveCfg = Debug|Any CPU
		{2DA09CEA-9D25-46A2-81AD-3F2D67376354}.Debug|Any CPU.Build.0 = Debug|Any CPU
		{2DA09CEA-9D25-46A2-81AD-3F2D67376354}.Debug|x64.ActiveCfg = Debug|Any CPU
		{2DA09CEA-9D25-46A2-81AD-3F2D67376354}.Debug|x64.Build.0 = Debug|Any CPU
		{2DA09CEA-9D25-46A2-81AD-3F2D67376354}.Debug|x86.ActiveCfg = Debug|Any CPU
		{2DA09CEA-9D25-46A2-81AD-3F2D67376354}.Debug|x86.Build.0 = Debug|Any CPU
		{2DA09CEA-9D25-46A2-81AD-3F2D67376354}.Release|Any CPU.ActiveCfg = Release|Any CPU
		{2DA09CEA-9D25-46A2-81AD-3F2D67376354}.Release|Any CPU.Build.0 = Release|Any CPU
		{2DA09CEA-9D25-46A2-81AD-3F2D67376354}.Release|x64.ActiveCfg = Release|Any CPU
		{2DA09CEA-9D25-46A2-81AD-3F2D67376354}.Release|x64.Build.0 = Release|Any CPU
		{2DA09CEA-9D25-46A2-81AD-3F2D67376354}.Release|x86.ActiveCfg = Release|Any CPU
		{2DA09CEA-9D25-46A2-81AD-3F2D67376354}.Release|x86.Build.0 = Release|Any CPU
		{333D71D8-E853-4435-A8C8-8009B5D7739A}.Debug|Any CPU.ActiveCfg = Debug|Any CPU
		{333D71D8-E853-4435-A8C8-8009B5D7739A}.Debug|Any CPU.Build.0 = Debug|Any CPU
		{333D71D8-E853-4435-A8C8-8009B5D7739A}.Debug|x64.ActiveCfg = Debug|Any CPU
		{333D71D8-E853-4435-A8C8-8009B5D7739A}.Debug|x64.Build.0 = Debug|Any CPU
		{333D71D8-E853-4435-A8C8-8009B5D7739A}.Debug|x86.ActiveCfg = Debug|Any CPU
		{333D71D8-E853-4435-A8C8-8009B5D7739A}.Debug|x86.Build.0 = Debug|Any CPU
		{333D71D8-E853-4435-A8C8-8009B5D7739A}.Release|Any CPU.ActiveCfg = Release|Any CPU
		{333D71D8-E853-4435-A8C8-8009B5D7739A}.Release|Any CPU.Build.0 = Release|Any CPU
		{333D71D8-E853-4435-A8C8-8009B5D7739A}.Release|x64.ActiveCfg = Release|Any CPU
		{333D71D8-E853-4435-A8C8-8009B5D7739A}.Release|x64.Build.0 = Release|Any CPU
		{333D71D8-E853-4435-A8C8-8009B5D7739A}.Release|x86.ActiveCfg = Release|Any CPU
		{333D71D8-E853-4435-A8C8-8009B5D7739A}.Release|x86.Build.0 = Release|Any CPU
		{BCDF2E70-60CF-4BDA-9482-A068A4F21803}.Debug|Any CPU.ActiveCfg = Debug|Any CPU
		{BCDF2E70-60CF-4BDA-9482-A068A4F21803}.Debug|Any CPU.Build.0 = Debug|Any CPU
		{BCDF2E70-60CF-4BDA-9482-A068A4F21803}.Debug|x64.ActiveCfg = Debug|Any CPU
		{BCDF2E70-60CF-4BDA-9482-A068A4F21803}.Debug|x64.Build.0 = Debug|Any CPU
		{BCDF2E70-60CF-4BDA-9482-A068A4F21803}.Debug|x86.ActiveCfg = Debug|Any CPU
		{BCDF2E70-60CF-4BDA-9482-A068A4F21803}.Debug|x86.Build.0 = Debug|Any CPU
		{BCDF2E70-60CF-4BDA-9482-A068A4F21803}.Release|Any CPU.ActiveCfg = Release|Any CPU
		{BCDF2E70-60CF-4BDA-9482-A068A4F21803}.Release|Any CPU.Build.0 = Release|Any CPU
		{BCDF2E70-60CF-4BDA-9482-A068A4F21803}.Release|x64.ActiveCfg = Release|Any CPU
		{BCDF2E70-60CF-4BDA-9482-A068A4F21803}.Release|x64.Build.0 = Release|Any CPU
		{BCDF2E70-60CF-4BDA-9482-A068A4F21803}.Release|x86.ActiveCfg = Release|Any CPU
		{BCDF2E70-60CF-4BDA-9482-A068A4F21803}.Release|x86.Build.0 = Release|Any CPU
		{2C3F2779-66C1-4EE3-9B26-8123C4DA3AB4}.Debug|Any CPU.ActiveCfg = Debug|Any CPU
		{2C3F2779-66C1-4EE3-9B26-8123C4DA3AB4}.Debug|Any CPU.Build.0 = Debug|Any CPU
		{2C3F2779-66C1-4EE3-9B26-8123C4DA3AB4}.Debug|x64.ActiveCfg = Debug|Any CPU
		{2C3F2779-66C1-4EE3-9B26-8123C4DA3AB4}.Debug|x64.Build.0 = Debug|Any CPU
		{2C3F2779-66C1-4EE3-9B26-8123C4DA3AB4}.Debug|x86.ActiveCfg = Debug|Any CPU
		{2C3F2779-66C1-4EE3-9B26-8123C4DA3AB4}.Debug|x86.Build.0 = Debug|Any CPU
		{2C3F2779-66C1-4EE3-9B26-8123C4DA3AB4}.Release|Any CPU.ActiveCfg = Release|Any CPU
		{2C3F2779-66C1-4EE3-9B26-8123C4DA3AB4}.Release|Any CPU.Build.0 = Release|Any CPU
		{2C3F2779-66C1-4EE3-9B26-8123C4DA3AB4}.Release|x64.ActiveCfg = Release|Any CPU
		{2C3F2779-66C1-4EE3-9B26-8123C4DA3AB4}.Release|x64.Build.0 = Release|Any CPU
		{2C3F2779-66C1-4EE3-9B26-8123C4DA3AB4}.Release|x86.ActiveCfg = Release|Any CPU
		{2C3F2779-66C1-4EE3-9B26-8123C4DA3AB4}.Release|x86.Build.0 = Release|Any CPU
		{621CDE6B-C0B1-4848-8340-B41C0419F067}.Debug|Any CPU.ActiveCfg = Debug|Any CPU
		{621CDE6B-C0B1-4848-8340-B41C0419F067}.Debug|Any CPU.Build.0 = Debug|Any CPU
		{621CDE6B-C0B1-4848-8340-B41C0419F067}.Debug|x64.ActiveCfg = Debug|Any CPU
		{621CDE6B-C0B1-4848-8340-B41C0419F067}.Debug|x64.Build.0 = Debug|Any CPU
		{621CDE6B-C0B1-4848-8340-B41C0419F067}.Debug|x86.ActiveCfg = Debug|Any CPU
		{621CDE6B-C0B1-4848-8340-B41C0419F067}.Debug|x86.Build.0 = Debug|Any CPU
		{621CDE6B-C0B1-4848-8340-B41C0419F067}.Release|Any CPU.ActiveCfg = Release|Any CPU
		{621CDE6B-C0B1-4848-8340-B41C0419F067}.Release|Any CPU.Build.0 = Release|Any CPU
		{621CDE6B-C0B1-4848-8340-B41C0419F067}.Release|x64.ActiveCfg = Release|Any CPU
		{621CDE6B-C0B1-4848-8340-B41C0419F067}.Release|x64.Build.0 = Release|Any CPU
		{621CDE6B-C0B1-4848-8340-B41C0419F067}.Release|x86.ActiveCfg = Release|Any CPU
		{621CDE6B-C0B1-4848-8340-B41C0419F067}.Release|x86.Build.0 = Release|Any CPU
		{9BA37044-10F9-40F3-B5C1-A602B286F914}.Debug|Any CPU.ActiveCfg = Debug|Any CPU
		{9BA37044-10F9-40F3-B5C1-A602B286F914}.Debug|Any CPU.Build.0 = Debug|Any CPU
		{9BA37044-10F9-40F3-B5C1-A602B286F914}.Debug|x64.ActiveCfg = Debug|Any CPU
		{9BA37044-10F9-40F3-B5C1-A602B286F914}.Debug|x64.Build.0 = Debug|Any CPU
		{9BA37044-10F9-40F3-B5C1-A602B286F914}.Debug|x86.ActiveCfg = Debug|Any CPU
		{9BA37044-10F9-40F3-B5C1-A602B286F914}.Debug|x86.Build.0 = Debug|Any CPU
		{9BA37044-10F9-40F3-B5C1-A602B286F914}.Release|Any CPU.ActiveCfg = Release|Any CPU
		{9BA37044-10F9-40F3-B5C1-A602B286F914}.Release|Any CPU.Build.0 = Release|Any CPU
		{9BA37044-10F9-40F3-B5C1-A602B286F914}.Release|x64.ActiveCfg = Release|Any CPU
		{9BA37044-10F9-40F3-B5C1-A602B286F914}.Release|x64.Build.0 = Release|Any CPU
		{9BA37044-10F9-40F3-B5C1-A602B286F914}.Release|x86.ActiveCfg = Release|Any CPU
		{9BA37044-10F9-40F3-B5C1-A602B286F914}.Release|x86.Build.0 = Release|Any CPU
		{8578093B-DE42-4AF8-8A5F-1F226EEAAD3E}.Debug|Any CPU.ActiveCfg = Debug|Any CPU
		{8578093B-DE42-4AF8-8A5F-1F226EEAAD3E}.Debug|Any CPU.Build.0 = Debug|Any CPU
		{8578093B-DE42-4AF8-8A5F-1F226EEAAD3E}.Debug|x64.ActiveCfg = Debug|Any CPU
		{8578093B-DE42-4AF8-8A5F-1F226EEAAD3E}.Debug|x64.Build.0 = Debug|Any CPU
		{8578093B-DE42-4AF8-8A5F-1F226EEAAD3E}.Debug|x86.ActiveCfg = Debug|Any CPU
		{8578093B-DE42-4AF8-8A5F-1F226EEAAD3E}.Debug|x86.Build.0 = Debug|Any CPU
		{8578093B-DE42-4AF8-8A5F-1F226EEAAD3E}.Release|Any CPU.ActiveCfg = Release|Any CPU
		{8578093B-DE42-4AF8-8A5F-1F226EEAAD3E}.Release|Any CPU.Build.0 = Release|Any CPU
		{8578093B-DE42-4AF8-8A5F-1F226EEAAD3E}.Release|x64.ActiveCfg = Release|Any CPU
		{8578093B-DE42-4AF8-8A5F-1F226EEAAD3E}.Release|x64.Build.0 = Release|Any CPU
		{8578093B-DE42-4AF8-8A5F-1F226EEAAD3E}.Release|x86.ActiveCfg = Release|Any CPU
		{8578093B-DE42-4AF8-8A5F-1F226EEAAD3E}.Release|x86.Build.0 = Release|Any CPU
		{C36D2FF8-FD52-4ECD-9F36-7B308F15D8FD}.Debug|Any CPU.ActiveCfg = Debug|Any CPU
		{C36D2FF8-FD52-4ECD-9F36-7B308F15D8FD}.Debug|Any CPU.Build.0 = Debug|Any CPU
		{C36D2FF8-FD52-4ECD-9F36-7B308F15D8FD}.Debug|x64.ActiveCfg = Debug|Any CPU
		{C36D2FF8-FD52-4ECD-9F36-7B308F15D8FD}.Debug|x64.Build.0 = Debug|Any CPU
		{C36D2FF8-FD52-4ECD-9F36-7B308F15D8FD}.Debug|x86.ActiveCfg = Debug|Any CPU
		{C36D2FF8-FD52-4ECD-9F36-7B308F15D8FD}.Debug|x86.Build.0 = Debug|Any CPU
		{C36D2FF8-FD52-4ECD-9F36-7B308F15D8FD}.Release|Any CPU.ActiveCfg = Release|Any CPU
		{C36D2FF8-FD52-4ECD-9F36-7B308F15D8FD}.Release|Any CPU.Build.0 = Release|Any CPU
		{C36D2FF8-FD52-4ECD-9F36-7B308F15D8FD}.Release|x64.ActiveCfg = Release|Any CPU
		{C36D2FF8-FD52-4ECD-9F36-7B308F15D8FD}.Release|x64.Build.0 = Release|Any CPU
		{C36D2FF8-FD52-4ECD-9F36-7B308F15D8FD}.Release|x86.ActiveCfg = Release|Any CPU
		{C36D2FF8-FD52-4ECD-9F36-7B308F15D8FD}.Release|x86.Build.0 = Release|Any CPU
		{9A03ABB5-4A2A-4A1B-8F29-9DA1941F0375}.Debug|Any CPU.ActiveCfg = Debug|Any CPU
		{9A03ABB5-4A2A-4A1B-8F29-9DA1941F0375}.Debug|Any CPU.Build.0 = Debug|Any CPU
		{9A03ABB5-4A2A-4A1B-8F29-9DA1941F0375}.Debug|x64.ActiveCfg = Debug|Any CPU
		{9A03ABB5-4A2A-4A1B-8F29-9DA1941F0375}.Debug|x64.Build.0 = Debug|Any CPU
		{9A03ABB5-4A2A-4A1B-8F29-9DA1941F0375}.Debug|x86.ActiveCfg = Debug|Any CPU
		{9A03ABB5-4A2A-4A1B-8F29-9DA1941F0375}.Debug|x86.Build.0 = Debug|Any CPU
		{9A03ABB5-4A2A-4A1B-8F29-9DA1941F0375}.Release|Any CPU.ActiveCfg = Release|Any CPU
		{9A03ABB5-4A2A-4A1B-8F29-9DA1941F0375}.Release|Any CPU.Build.0 = Release|Any CPU
		{9A03ABB5-4A2A-4A1B-8F29-9DA1941F0375}.Release|x64.ActiveCfg = Release|Any CPU
		{9A03ABB5-4A2A-4A1B-8F29-9DA1941F0375}.Release|x64.Build.0 = Release|Any CPU
		{9A03ABB5-4A2A-4A1B-8F29-9DA1941F0375}.Release|x86.ActiveCfg = Release|Any CPU
		{9A03ABB5-4A2A-4A1B-8F29-9DA1941F0375}.Release|x86.Build.0 = Release|Any CPU
		{099C040D-09BC-43F9-B3C1-36D1CE82AF7F}.Debug|Any CPU.ActiveCfg = Debug|Any CPU
		{099C040D-09BC-43F9-B3C1-36D1CE82AF7F}.Debug|Any CPU.Build.0 = Debug|Any CPU
		{099C040D-09BC-43F9-B3C1-36D1CE82AF7F}.Debug|x64.ActiveCfg = Debug|Any CPU
		{099C040D-09BC-43F9-B3C1-36D1CE82AF7F}.Debug|x64.Build.0 = Debug|Any CPU
		{099C040D-09BC-43F9-B3C1-36D1CE82AF7F}.Debug|x86.ActiveCfg = Debug|Any CPU
		{099C040D-09BC-43F9-B3C1-36D1CE82AF7F}.Debug|x86.Build.0 = Debug|Any CPU
		{099C040D-09BC-43F9-B3C1-36D1CE82AF7F}.Release|Any CPU.ActiveCfg = Release|Any CPU
		{099C040D-09BC-43F9-B3C1-36D1CE82AF7F}.Release|Any CPU.Build.0 = Release|Any CPU
		{099C040D-09BC-43F9-B3C1-36D1CE82AF7F}.Release|x64.ActiveCfg = Release|Any CPU
		{099C040D-09BC-43F9-B3C1-36D1CE82AF7F}.Release|x64.Build.0 = Release|Any CPU
		{099C040D-09BC-43F9-B3C1-36D1CE82AF7F}.Release|x86.ActiveCfg = Release|Any CPU
		{099C040D-09BC-43F9-B3C1-36D1CE82AF7F}.Release|x86.Build.0 = Release|Any CPU
		{BC4C8BBF-4DC7-49D7-B1BF-36DB4DD0F47B}.Debug|Any CPU.ActiveCfg = Debug|Any CPU
		{BC4C8BBF-4DC7-49D7-B1BF-36DB4DD0F47B}.Debug|Any CPU.Build.0 = Debug|Any CPU
		{BC4C8BBF-4DC7-49D7-B1BF-36DB4DD0F47B}.Debug|x64.ActiveCfg = Debug|Any CPU
		{BC4C8BBF-4DC7-49D7-B1BF-36DB4DD0F47B}.Debug|x64.Build.0 = Debug|Any CPU
		{BC4C8BBF-4DC7-49D7-B1BF-36DB4DD0F47B}.Debug|x86.ActiveCfg = Debug|Any CPU
		{BC4C8BBF-4DC7-49D7-B1BF-36DB4DD0F47B}.Debug|x86.Build.0 = Debug|Any CPU
		{BC4C8BBF-4DC7-49D7-B1BF-36DB4DD0F47B}.Release|Any CPU.ActiveCfg = Release|Any CPU
		{BC4C8BBF-4DC7-49D7-B1BF-36DB4DD0F47B}.Release|Any CPU.Build.0 = Release|Any CPU
		{BC4C8BBF-4DC7-49D7-B1BF-36DB4DD0F47B}.Release|x64.ActiveCfg = Release|Any CPU
		{BC4C8BBF-4DC7-49D7-B1BF-36DB4DD0F47B}.Release|x64.Build.0 = Release|Any CPU
		{BC4C8BBF-4DC7-49D7-B1BF-36DB4DD0F47B}.Release|x86.ActiveCfg = Release|Any CPU
		{BC4C8BBF-4DC7-49D7-B1BF-36DB4DD0F47B}.Release|x86.Build.0 = Release|Any CPU
		{5CD540A1-C4A3-4CFF-8326-EFC5CA1DF7F3}.Debug|Any CPU.ActiveCfg = Debug|Any CPU
		{5CD540A1-C4A3-4CFF-8326-EFC5CA1DF7F3}.Debug|Any CPU.Build.0 = Debug|Any CPU
		{5CD540A1-C4A3-4CFF-8326-EFC5CA1DF7F3}.Debug|x64.ActiveCfg = Debug|Any CPU
		{5CD540A1-C4A3-4CFF-8326-EFC5CA1DF7F3}.Debug|x64.Build.0 = Debug|Any CPU
		{5CD540A1-C4A3-4CFF-8326-EFC5CA1DF7F3}.Debug|x86.ActiveCfg = Debug|Any CPU
		{5CD540A1-C4A3-4CFF-8326-EFC5CA1DF7F3}.Debug|x86.Build.0 = Debug|Any CPU
		{5CD540A1-C4A3-4CFF-8326-EFC5CA1DF7F3}.Release|Any CPU.ActiveCfg = Release|Any CPU
		{5CD540A1-C4A3-4CFF-8326-EFC5CA1DF7F3}.Release|Any CPU.Build.0 = Release|Any CPU
		{5CD540A1-C4A3-4CFF-8326-EFC5CA1DF7F3}.Release|x64.ActiveCfg = Release|Any CPU
		{5CD540A1-C4A3-4CFF-8326-EFC5CA1DF7F3}.Release|x64.Build.0 = Release|Any CPU
		{5CD540A1-C4A3-4CFF-8326-EFC5CA1DF7F3}.Release|x86.ActiveCfg = Release|Any CPU
		{5CD540A1-C4A3-4CFF-8326-EFC5CA1DF7F3}.Release|x86.Build.0 = Release|Any CPU
		{7DD0B90B-E0B7-40B9-A882-10F0928C2031}.Debug|Any CPU.ActiveCfg = Debug|Any CPU
		{7DD0B90B-E0B7-40B9-A882-10F0928C2031}.Debug|Any CPU.Build.0 = Debug|Any CPU
		{7DD0B90B-E0B7-40B9-A882-10F0928C2031}.Debug|x64.ActiveCfg = Debug|Any CPU
		{7DD0B90B-E0B7-40B9-A882-10F0928C2031}.Debug|x64.Build.0 = Debug|Any CPU
		{7DD0B90B-E0B7-40B9-A882-10F0928C2031}.Debug|x86.ActiveCfg = Debug|Any CPU
		{7DD0B90B-E0B7-40B9-A882-10F0928C2031}.Debug|x86.Build.0 = Debug|Any CPU
		{7DD0B90B-E0B7-40B9-A882-10F0928C2031}.Release|Any CPU.ActiveCfg = Release|Any CPU
		{7DD0B90B-E0B7-40B9-A882-10F0928C2031}.Release|Any CPU.Build.0 = Release|Any CPU
		{7DD0B90B-E0B7-40B9-A882-10F0928C2031}.Release|x64.ActiveCfg = Release|Any CPU
		{7DD0B90B-E0B7-40B9-A882-10F0928C2031}.Release|x64.Build.0 = Release|Any CPU
		{7DD0B90B-E0B7-40B9-A882-10F0928C2031}.Release|x86.ActiveCfg = Release|Any CPU
		{7DD0B90B-E0B7-40B9-A882-10F0928C2031}.Release|x86.Build.0 = Release|Any CPU
		{6CDAE751-3C6A-41E5-A1C4-CADD9327ACF1}.Debug|Any CPU.ActiveCfg = Debug|Any CPU
		{6CDAE751-3C6A-41E5-A1C4-CADD9327ACF1}.Debug|Any CPU.Build.0 = Debug|Any CPU
		{6CDAE751-3C6A-41E5-A1C4-CADD9327ACF1}.Debug|x64.ActiveCfg = Debug|Any CPU
		{6CDAE751-3C6A-41E5-A1C4-CADD9327ACF1}.Debug|x64.Build.0 = Debug|Any CPU
		{6CDAE751-3C6A-41E5-A1C4-CADD9327ACF1}.Debug|x86.ActiveCfg = Debug|Any CPU
		{6CDAE751-3C6A-41E5-A1C4-CADD9327ACF1}.Debug|x86.Build.0 = Debug|Any CPU
		{6CDAE751-3C6A-41E5-A1C4-CADD9327ACF1}.Release|Any CPU.ActiveCfg = Release|Any CPU
		{6CDAE751-3C6A-41E5-A1C4-CADD9327ACF1}.Release|Any CPU.Build.0 = Release|Any CPU
		{6CDAE751-3C6A-41E5-A1C4-CADD9327ACF1}.Release|x64.ActiveCfg = Release|Any CPU
		{6CDAE751-3C6A-41E5-A1C4-CADD9327ACF1}.Release|x64.Build.0 = Release|Any CPU
		{6CDAE751-3C6A-41E5-A1C4-CADD9327ACF1}.Release|x86.ActiveCfg = Release|Any CPU
		{6CDAE751-3C6A-41E5-A1C4-CADD9327ACF1}.Release|x86.Build.0 = Release|Any CPU
		{12073BCC-2716-40BD-A7E6-D8F9A8878B58}.Debug|Any CPU.ActiveCfg = Debug|Any CPU
		{12073BCC-2716-40BD-A7E6-D8F9A8878B58}.Debug|Any CPU.Build.0 = Debug|Any CPU
		{12073BCC-2716-40BD-A7E6-D8F9A8878B58}.Debug|x64.ActiveCfg = Debug|Any CPU
		{12073BCC-2716-40BD-A7E6-D8F9A8878B58}.Debug|x64.Build.0 = Debug|Any CPU
		{12073BCC-2716-40BD-A7E6-D8F9A8878B58}.Debug|x86.ActiveCfg = Debug|Any CPU
		{12073BCC-2716-40BD-A7E6-D8F9A8878B58}.Debug|x86.Build.0 = Debug|Any CPU
		{12073BCC-2716-40BD-A7E6-D8F9A8878B58}.Release|Any CPU.ActiveCfg = Release|Any CPU
		{12073BCC-2716-40BD-A7E6-D8F9A8878B58}.Release|Any CPU.Build.0 = Release|Any CPU
		{12073BCC-2716-40BD-A7E6-D8F9A8878B58}.Release|x64.ActiveCfg = Release|Any CPU
		{12073BCC-2716-40BD-A7E6-D8F9A8878B58}.Release|x64.Build.0 = Release|Any CPU
		{12073BCC-2716-40BD-A7E6-D8F9A8878B58}.Release|x86.ActiveCfg = Release|Any CPU
		{12073BCC-2716-40BD-A7E6-D8F9A8878B58}.Release|x86.Build.0 = Release|Any CPU
		{C54960F3-FDE0-43B9-AFF5-A2B8F691A81F}.Debug|Any CPU.ActiveCfg = Debug|Any CPU
		{C54960F3-FDE0-43B9-AFF5-A2B8F691A81F}.Debug|Any CPU.Build.0 = Debug|Any CPU
		{C54960F3-FDE0-43B9-AFF5-A2B8F691A81F}.Debug|x64.ActiveCfg = Debug|Any CPU
		{C54960F3-FDE0-43B9-AFF5-A2B8F691A81F}.Debug|x64.Build.0 = Debug|Any CPU
		{C54960F3-FDE0-43B9-AFF5-A2B8F691A81F}.Debug|x86.ActiveCfg = Debug|Any CPU
		{C54960F3-FDE0-43B9-AFF5-A2B8F691A81F}.Debug|x86.Build.0 = Debug|Any CPU
		{C54960F3-FDE0-43B9-AFF5-A2B8F691A81F}.Release|Any CPU.ActiveCfg = Release|Any CPU
		{C54960F3-FDE0-43B9-AFF5-A2B8F691A81F}.Release|Any CPU.Build.0 = Release|Any CPU
		{C54960F3-FDE0-43B9-AFF5-A2B8F691A81F}.Release|x64.ActiveCfg = Release|Any CPU
		{C54960F3-FDE0-43B9-AFF5-A2B8F691A81F}.Release|x64.Build.0 = Release|Any CPU
		{C54960F3-FDE0-43B9-AFF5-A2B8F691A81F}.Release|x86.ActiveCfg = Release|Any CPU
		{C54960F3-FDE0-43B9-AFF5-A2B8F691A81F}.Release|x86.Build.0 = Release|Any CPU
	EndGlobalSection
	GlobalSection(SolutionProperties) = preSolution
		HideSolutionNode = FALSE
	EndGlobalSection
	GlobalSection(NestedProjects) = preSolution
		{DCB6FCB8-FF92-AC57-0842-1F72A354D6B1} = {827E0CD3-B72D-47B6-A68D-7590B98EB39B}
		{33833057-B0CB-4E3C-A9F5-57F6D0E9BFBA} = {DCB6FCB8-FF92-AC57-0842-1F72A354D6B1}
		{C13E73B6-616D-3195-CD22-1E55A7D1F969} = {827E0CD3-B72D-47B6-A68D-7590B98EB39B}
		{2DA09CEA-9D25-46A2-81AD-3F2D67376354} = {C13E73B6-616D-3195-CD22-1E55A7D1F969}
		{333D71D8-E853-4435-A8C8-8009B5D7739A} = {C13E73B6-616D-3195-CD22-1E55A7D1F969}
		{BCDF2E70-60CF-4BDA-9482-A068A4F21803} = {C13E73B6-616D-3195-CD22-1E55A7D1F969}
		{2C3F2779-66C1-4EE3-9B26-8123C4DA3AB4} = {C13E73B6-616D-3195-CD22-1E55A7D1F969}
		{621CDE6B-C0B1-4848-8340-B41C0419F067} = {C13E73B6-616D-3195-CD22-1E55A7D1F969}
		{9BA37044-10F9-40F3-B5C1-A602B286F914} = {C13E73B6-616D-3195-CD22-1E55A7D1F969}
		{984BB9B3-3FA3-BE33-9484-CAC21695A33C} = {827E0CD3-B72D-47B6-A68D-7590B98EB39B}
		{C91C1CF1-1625-0789-F869-53D87D6277BA} = {984BB9B3-3FA3-BE33-9484-CAC21695A33C}
		{8578093B-DE42-4AF8-8A5F-1F226EEAAD3E} = {C91C1CF1-1625-0789-F869-53D87D6277BA}
		{C36D2FF8-FD52-4ECD-9F36-7B308F15D8FD} = {C91C1CF1-1625-0789-F869-53D87D6277BA}
		{1BFC9479-12BF-35C3-06B8-42D89D95092B} = {984BB9B3-3FA3-BE33-9484-CAC21695A33C}
		{9A03ABB5-4A2A-4A1B-8F29-9DA1941F0375} = {1BFC9479-12BF-35C3-06B8-42D89D95092B}
		{099C040D-09BC-43F9-B3C1-36D1CE82AF7F} = {1BFC9479-12BF-35C3-06B8-42D89D95092B}
		{40D82F4B-B633-3F95-724A-860306E6F4AA} = {984BB9B3-3FA3-BE33-9484-CAC21695A33C}
		{BC4C8BBF-4DC7-49D7-B1BF-36DB4DD0F47B} = {40D82F4B-B633-3F95-724A-860306E6F4AA}
		{5CD540A1-C4A3-4CFF-8326-EFC5CA1DF7F3} = {40D82F4B-B633-3F95-724A-860306E6F4AA}
		{28A6993C-471E-82FE-7D9E-AD3B1EC22BD9} = {0AB3BF05-4346-4AA6-1389-037BE0695223}
		{7DD0B90B-E0B7-40B9-A882-10F0928C2031} = {28A6993C-471E-82FE-7D9E-AD3B1EC22BD9}
		{53506FF3-1087-91DB-5731-19A6F3C92276} = {0AB3BF05-4346-4AA6-1389-037BE0695223}
		{6CDAE751-3C6A-41E5-A1C4-CADD9327ACF1} = {53506FF3-1087-91DB-5731-19A6F3C92276}
		{12073BCC-2716-40BD-A7E6-D8F9A8878B58} = {C13E73B6-616D-3195-CD22-1E55A7D1F969}
		{C54960F3-FDE0-43B9-AFF5-A2B8F691A81F} = {C13E73B6-616D-3195-CD22-1E55A7D1F969}
	EndGlobalSection
EndGlobal
